{
  "name": "arkanoid",
  "version": "0.1.0",
  "lockfileVersion": 3,
  "requires": true,
  "packages": {
    "": {
      "name": "arkanoid",
      "version": "0.1.0",
      "dependencies": {
        "phaser": "^3.87.0"
      },
      "devDependencies": {
        "vite": "^6.0.0"
      }
    },
    "node_modules/@esbuild/aix-ppc64": {"version": "0.25.12", "resolved": "https://registry.npmjs.org/@esbuild/aix-ppc64/-/aix-ppc64-0.25.12.tgz", "integrity": "sha512-Hhmwd6CInZ3dwpuGTF8fJG6yoWmsToE+vYgD4nytZVxcu1ulHpUQRAB1UJ8+N1Am3Mz4+xOByoQoSZf4D+CpkA==", "cpu": ["ppc64"], "dev": true, "license": "MIT", "optional": true, "os": ["aix"], "engines": {"node": ">=18"}},
    "node_modules/@esbuild/android-arm": {"version": "0.25.12", "resolved": "https://registry.npmjs.org/@esbuild/android-arm/-/android-arm-0.25.12.tgz", "integrity": "sha512-VJ+sKvNA/GE7Ccacc9Cha7bpS8nyzVv0jdVgwNDaR4gDMC/2TTRc33Ip8qrNYUcpkOHUT5OZ0bUcNNVZQ9RLlg==", "cpu": ["arm"], "dev": true, "license": "MIT", "optional": true, "os": ["android"], "engines": {"node": ">=18"}},
    "node_modules/eventemitter3": {"version": "5.0.4", "resolved": "https://registry.npmjs.org/eventemitter3/-/eventemitter3-5.0.4.tgz", "integrity": "sha512-mlsTRyGaPBjPedk6Bvw+aqbsXDtoAyAzm5MO7JgU+yVRyMQ5O8bD4Kcci7BS85f93veegeCPkL8R4GLClnjLFw==", "license": "MIT"},
    "node_modules/phaser": {"version": "3.90.0", "resolved": "https://registry.npmjs.org/phaser/-/phaser-3.90.0.tgz", "integrity": "sha512-/cziz/5ZIn02uDkC9RzN8VF9x3Gs3XdFFf9nkiMEQT3p7hQlWuyjy4QWosU802qqno2YSLn2BfqwOKLv/sSVfQ==", "license": "MIT", "dependencies": {"eventemitter3": "^5.0.1"}},
    "node_modules/vite": {"version": "6.4.1", "resolved": "https://registry.npmjs.org/vite/-/vite-6.4.1.tgz", "integrity": "sha512-+Oxm7q9hDoLMyJOYfUYBuHQo+dkAloi33apOPP56pzj+vsdJDzr+j1NISE5pyaAuKL4A3UD34qd0lx5+kfKp2g==", "dev": true, "license": "MIT", "engines": {"node": "^18.0.0 || ^20.0.0 || >=22.0.0"}}
  }
}
